
Microsoft Visual Studio Solution File, Format Version 12.00
# Visual Studio Version 17
VisualStudioVersion = 17.13.35913.81 d17.13
MinimumVisualStudioVersion = 10.0.40219.1
Project("{FAE04EC0-301F-11D3-BF4B-00C04F79EFBC}") = "WebApiPerson_DC", "WebApiPerson_DC\WebApiPerson_DC.csproj", "{11DFCC8A-4213-489D-A1A0-D014BAB26F4C}"
EndProject
Global
	GlobalSection(SolutionConfigurationPlatforms) = preSolution
		Debug|Any CPU = Debug|Any CPU
		Release|Any CPU = Release|Any CPU
	EndGlobalSection
	GlobalSection(ProjectConfigurationPlatforms) = postSolution
		{11DFCC8A-4213-489D-A1A0-D014BAB26F4C}.Debug|Any CPU.ActiveCfg = Debug|Any CPU
		{11DFCC8A-4213-489D-A1A0-D014BAB26F4C}.Debug|Any CPU.Build.0 = Debug|Any CPU
		{11DFCC8A-4213-489D-A1A0-D014BAB26F4C}.Release|Any CPU.ActiveCfg = Release|Any CPU
		{11DFCC8A-4213-489D-A1A0-D014BAB26F4C}.Release|Any CPU.Build.0 = Release|Any CPU
	EndGlobalSection
	GlobalSection(SolutionProperties) = preSolution
		HideSolutionNode = FALSE
	EndGlobalSection
	GlobalSection(ExtensibilityGlobals) = postSolution
		SolutionGuid = {F6C6C968-D04D-4948-9388-133641BA0311}
	EndGlobalSection
EndGlobal
