
Microsoft Visual Studio Solution File, Format Version 12.00
# Visual Studio Version 17
VisualStudioVersion = 17.13.35913.81 d17.13
MinimumVisualStudioVersion = 10.0.40219.1
Project("{FAE04EC0-301F-11D3-BF4B-00C04F79EFBC}") = "app.projectCastroDubraska.api", "app.projectCastroDubraska.api.csproj", "{19FA1323-433E-46C9-A8A2-08BB8CE95A73}"
EndProject
Project("{FAE04EC0-301F-11D3-BF4B-00C04F79EFBC}") = "app.projectCastroDubraska.common", "..\app.projectCastroDubraska.common\app.projectCastroDubraska.common.csproj", "{E746260F-21D5-4AFB-B4F5-EE31E3724D8D}"
EndProject
Project("{FAE04EC0-301F-11D3-BF4B-00C04F79EFBC}") = "app.projectCastroDubraska.DataAccess", "..\app.projectCastroDubraska.DataAccess\app.projectCastroDubraska.DataAccess.csproj", "{E053B64B-7EF4-47BC-A842-87691795EFD5}"
EndProject
Project("{FAE04EC0-301F-11D3-BF4B-00C04F79EFBC}") = "app.projectCastroDubraska.Entities", "..\app.projectCastroDubraska.Entities\app.projectCastroDubraska.Entities.csproj", "{9BAB5197-0FD2-4CB3-BAB5-A04E98F968ED}"
EndProject
Project("{FAE04EC0-301F-11D3-BF4B-00C04F79EFBC}") = "app.projectCastroDubraska.Services", "..\app.projectCastroDubraska.Services\app.projectCastroDubraska.Services.csproj", "{0E5254BD-FF09-4C5F-9EC3-345151DCA4A2}"
EndProject
Global
	GlobalSection(SolutionConfigurationPlatforms) = preSolution
		Debug|Any CPU = Debug|Any CPU
		Release|Any CPU = Release|Any CPU
	EndGlobalSection
	GlobalSection(ProjectConfigurationPlatforms) = postSolution
		{19FA1323-433E-46C9-A8A2-08BB8CE95A73}.Debug|Any CPU.ActiveCfg = Debug|Any CPU
		{19FA1323-433E-46C9-A8A2-08BB8CE95A73}.Debug|Any CPU.Build.0 = Debug|Any CPU
		{19FA1323-433E-46C9-A8A2-08BB8CE95A73}.Release|Any CPU.ActiveCfg = Release|Any CPU
		{19FA1323-433E-46C9-A8A2-08BB8CE95A73}.Release|Any CPU.Build.0 = Release|Any CPU
		{E746260F-21D5-4AFB-B4F5-EE31E3724D8D}.Debug|Any CPU.ActiveCfg = Debug|Any CPU
		{E746260F-21D5-4AFB-B4F5-EE31E3724D8D}.Debug|Any CPU.Build.0 = Debug|Any CPU
		{E746260F-21D5-4AFB-B4F5-EE31E3724D8D}.Release|Any CPU.ActiveCfg = Release|Any CPU
		{E746260F-21D5-4AFB-B4F5-EE31E3724D8D}.Release|Any CPU.Build.0 = Release|Any CPU
		{E053B64B-7EF4-47BC-A842-87691795EFD5}.Debug|Any CPU.ActiveCfg = Debug|Any CPU
		{E053B64B-7EF4-47BC-A842-87691795EFD5}.Debug|Any CPU.Build.0 = Debug|Any CPU
		{E053B64B-7EF4-47BC-A842-87691795EFD5}.Release|Any CPU.ActiveCfg = Release|Any CPU
		{E053B64B-7EF4-47BC-A842-87691795EFD5}.Release|Any CPU.Build.0 = Release|Any CPU
		{9BAB5197-0FD2-4CB3-BAB5-A04E98F968ED}.Debug|Any CPU.ActiveCfg = Debug|Any CPU
		{9BAB5197-0FD2-4CB3-BAB5-A04E98F968ED}.Debug|Any CPU.Build.0 = Debug|Any CPU
		{9BAB5197-0FD2-4CB3-BAB5-A04E98F968ED}.Release|Any CPU.ActiveCfg = Release|Any CPU
		{9BAB5197-0FD2-4CB3-BAB5-A04E98F968ED}.Release|Any CPU.Build.0 = Release|Any CPU
		{0E5254BD-FF09-4C5F-9EC3-345151DCA4A2}.Debug|Any CPU.ActiveCfg = Debug|Any CPU
		{0E5254BD-FF09-4C5F-9EC3-345151DCA4A2}.Debug|Any CPU.Build.0 = Debug|Any CPU
		{0E5254BD-FF09-4C5F-9EC3-345151DCA4A2}.Release|Any CPU.ActiveCfg = Release|Any CPU
		{0E5254BD-FF09-4C5F-9EC3-345151DCA4A2}.Release|Any CPU.Build.0 = Release|Any CPU
	EndGlobalSection
	GlobalSection(SolutionProperties) = preSolution
		HideSolutionNode = FALSE
	EndGlobalSection
	GlobalSection(ExtensibilityGlobals) = postSolution
		SolutionGuid = {B6D35BB1-7FFB-4E38-80A2-B7457ABDC653}
	EndGlobalSection
EndGlobal
